<?xml version="1.0" encoding="utf-8"?>
<Project ToolsVersion="4.0" xmlns="http://schemas.microsoft.com/developer/msbuild/2003">
  <ItemGroup>
    <Filter Include="Source Files">
      <UniqueIdentifier>{4FC737F1-C7A5-4376-A066-2A32D752A2FF}</UniqueIdentifier>
      <Extensions>cpp;c;cc;cxx;c++;cppm;ixx;def;odl;idl;hpj;bat;asm;asmx</Extensions>
    </Filter>
    <Filter Include="Header Files">
      <UniqueIdentifier>{93995380-89BD-4b04-88EB-625FBE52EBFB}</UniqueIdentifier>
      <Extensions>h;hh;hpp;hxx;h++;hm;inl;inc;ipp;xsd</Extensions>
    </Filter>
    <Filter Include="Resource Files">
      <UniqueIdentifier>{67DA6AB6-F800-4c08-8B7A-83BB121AAD01}</UniqueIdentifier>
      <Extensions>rc;ico;cur;bmp;dlg;rc2;rct;bin;rgs;gif;jpg;jpeg;jpe;resx;tiff;tif;png;wav;mfcribbon-ms</Extensions>
    </Filter>
    <Filter Include="Header Files\app">
      <UniqueIdentifier>{19ddeae6-39b0-427c-b71e-022d96873196}</UniqueIdentifier>
    </Filter>
    <Filter Include="Header Files\core">
      <UniqueIdentifier>{6e07823e-b11b-42ce-8b08-3717b6cc8911}</UniqueIdentifier>
    </Filter>
    <Filter Include="Header Files\networking">
      <UniqueIdentifier>{5e706ac9-51af-4bab-912a-64bd647b0c1f}</UniqueIdentifier>
    </Filter>
    <Filter Include="Source Files\app">
      <UniqueIdentifier>{3e31c945-76be-4ffe-9d62-07a1c7b7d1a4}</UniqueIdentifier>
    </Filter>
    <Filter Include="Source Files\core">
      <UniqueIdentifier>{0a75cc06-7828-4162-bd10-91aae22f753c}</UniqueIdentifier>
    </Filter>
    <Filter Include="Source Files\networking">
      <UniqueIdentifier>{2aed1efa-af48-489e-8d3d-aacae6b40ee5}</UniqueIdentifier>
    </Filter>
  </ItemGroup>
  <ItemGroup>
    <ClCompile Include="src\main.cpp">
      <Filter>Source Files</Filter>
    </ClCompile>
    <ClCompile Include="src\app\app.cpp">
      <Filter>Source Files\app</Filter>
    </ClCompile>
    <ClCompile Include="src\core\message_handler.cpp">
      <Filter>Source Files\core</Filter>
    </ClCompile>
    <ClCompile Include="src\networking\session.cpp">
      <Filter>Source Files\networking</Filter>
    </ClCompile>
    <ClCompile Include="src\networking\tcp_server.cpp">
      <Filter>Source Files\networking</Filter>
    </ClCompile>
  </ItemGroup>
  <ItemGroup>
    <ClInclude Include="src\app\app.hpp">
      <Filter>Header Files\app</Filter>
    </ClInclude>
    <ClInclude Include="src\core\message_handler.hpp">
      <Filter>Header Files\core</Filter>
    </ClInclude>
    <ClInclude Include="src\networking\session.hpp">
      <Filter>Header Files\networking</Filter>
    </ClInclude>
    <ClInclude Include="src\networking\tcp_server.hpp">
      <Filter>Header Files\networking</Filter>
    </ClInclude>
  </ItemGroup>
  <ItemGroup>
    <None Include="README.md" />
  </ItemGroup>
</Project>